
Microsoft Visual Studio Solution File, Format Version 12.00
# Visual Studio Version 17
VisualStudioVersion = 17.8.34525.116
MinimumVisualStudioVersion = 10.0.40219.1
Project("{FAE04EC0-301F-11D3-BF4B-00C04F79EFBC}") = "NUnit", "NUnit\NUnit.csproj", "{7648A355-F1BF-4F3E-B623-F5918DAC36EB}"
EndProject
Global
	GlobalSection(SolutionConfigurationPlatforms) = preSolution
		Debug|Any CPU = Debug|Any CPU
		Release|Any CPU = Release|Any CPU
	EndGlobalSection
	GlobalSection(ProjectConfigurationPlatforms) = postSolution
		{7648A355-F1BF-4F3E-B623-F5918DAC36EB}.Debug|Any CPU.ActiveCfg = Debug|Any CPU
		{7648A355-F1BF-4F3E-B623-F5918DAC36EB}.Debug|Any CPU.Build.0 = Debug|Any CPU
		{7648A355-F1BF-4F3E-B623-F5918DAC36EB}.Release|Any CPU.ActiveCfg = Release|Any CPU
		{7648A355-F1BF-4F3E-B623-F5918DAC36EB}.Release|Any CPU.Build.0 = Release|Any CPU
	EndGlobalSection
	GlobalSection(SolutionProperties) = preSolution
		HideSolutionNode = FALSE
	EndGlobalSection
	GlobalSection(ExtensibilityGlobals) = postSolution
		SolutionGuid = {5D98A517-36DB-4C6F-AAF8-46523EA93AFE}
	EndGlobalSection
EndGlobal
